
Microsoft Visual Studio Solution File, Format Version 12.00
# Visual Studio Version 16
VisualStudioVersion = 16.0.31729.503
MinimumVisualStudioVersion = 10.0.40219.1
Project("{FAE04EC0-301F-11D3-BF4B-00C04F79EFBC}") = "ERentalWebAPI", "ERentalWebAPI\ERentalWebAPI.csproj", "{EF539D91-D9E8-406E-ACD9-C5420D019976}"
EndProject
Project("{FAE04EC0-301F-11D3-BF4B-00C04F79EFBC}") = "ERentalMVC_WebUI", "ERentalMVC_WebUI\ERentalMVC_WebUI.csproj", "{95B6BE0D-AC66-4927-88CC-85DC3901FFD8}"
EndProject
Global
	GlobalSection(SolutionConfigurationPlatforms) = preSolution
		Debug|Any CPU = Debug|Any CPU
		Release|Any CPU = Release|Any CPU
	EndGlobalSection
	GlobalSection(ProjectConfigurationPlatforms) = postSolution
		{EF539D91-D9E8-406E-ACD9-C5420D019976}.Debug|Any CPU.ActiveCfg = Debug|Any CPU
		{EF539D91-D9E8-406E-ACD9-C5420D019976}.Debug|Any CPU.Build.0 = Debug|Any CPU
		{EF539D91-D9E8-406E-ACD9-C5420D019976}.Release|Any CPU.ActiveCfg = Release|Any CPU
		{EF539D91-D9E8-406E-ACD9-C5420D019976}.Release|Any CPU.Build.0 = Release|Any CPU
		{95B6BE0D-AC66-4927-88CC-85DC3901FFD8}.Debug|Any CPU.ActiveCfg = Debug|Any CPU
		{95B6BE0D-AC66-4927-88CC-85DC3901FFD8}.Debug|Any CPU.Build.0 = Debug|Any CPU
		{95B6BE0D-AC66-4927-88CC-85DC3901FFD8}.Release|Any CPU.ActiveCfg = Release|Any CPU
		{95B6BE0D-AC66-4927-88CC-85DC3901FFD8}.Release|Any CPU.Build.0 = Release|Any CPU
	EndGlobalSection
	GlobalSection(SolutionProperties) = preSolution
		HideSolutionNode = FALSE
	EndGlobalSection
	GlobalSection(ExtensibilityGlobals) = postSolution
		SolutionGuid = {A612218C-D850-4DF2-81C1-C90571F2D1AA}
	EndGlobalSection
EndGlobal
